
Microsoft Visual Studio Solution File, Format Version 12.00
# Visual Studio Version 17
VisualStudioVersion = 17.9.34728.123
MinimumVisualStudioVersion = 10.0.40219.1
Project("{9A19103F-16F7-4668-BE54-9A1E7A4F7556}") = "GTG automation tests", "GTG automation tests.csproj", "{E92E1C6E-DA84-410A-930C-41CC6357D5DD}"
EndProject
Global
	GlobalSection(SolutionConfigurationPlatforms) = preSolution
		Debug|Any CPU = Debug|Any CPU
		Release|Any CPU = Release|Any CPU
	EndGlobalSection
	GlobalSection(ProjectConfigurationPlatforms) = postSolution
		{E92E1C6E-DA84-410A-930C-41CC6357D5DD}.Debug|Any CPU.ActiveCfg = Debug|Any CPU
		{E92E1C6E-DA84-410A-930C-41CC6357D5DD}.Debug|Any CPU.Build.0 = Debug|Any CPU
		{E92E1C6E-DA84-410A-930C-41CC6357D5DD}.Release|Any CPU.ActiveCfg = Release|Any CPU
		{E92E1C6E-DA84-410A-930C-41CC6357D5DD}.Release|Any CPU.Build.0 = Release|Any CPU
	EndGlobalSection
	GlobalSection(SolutionProperties) = preSolution
		HideSolutionNode = FALSE
	EndGlobalSection
	GlobalSection(ExtensibilityGlobals) = postSolution
		SolutionGuid = {BFBBEEFE-8BE7-426D-9D02-63475F3117D3}
	EndGlobalSection
EndGlobal
